
Microsoft Visual Studio Solution File, Format Version 12.00
# Visual Studio Version 17
VisualStudioVersion = 17.6.33513.286
MinimumVisualStudioVersion = 10.0.40219.1
Project("{9A19103F-16F7-4668-BE54-9A1E7A4F7556}") = "VienHoa", "VienHoa\VienHoa.csproj", "{7B8BC84E-6914-440D-BA5A-743CDEECE53F}"
EndProject
Global
	GlobalSection(SolutionConfigurationPlatforms) = preSolution
		Debug|Any CPU = Debug|Any CPU
		Release|Any CPU = Release|Any CPU
	EndGlobalSection
	GlobalSection(ProjectConfigurationPlatforms) = postSolution
		{7B8BC84E-6914-440D-BA5A-743CDEECE53F}.Debug|Any CPU.ActiveCfg = Debug|Any CPU
		{7B8BC84E-6914-440D-BA5A-743CDEECE53F}.Debug|Any CPU.Build.0 = Debug|Any CPU
		{7B8BC84E-6914-440D-BA5A-743CDEECE53F}.Release|Any CPU.ActiveCfg = Release|Any CPU
		{7B8BC84E-6914-440D-BA5A-743CDEECE53F}.Release|Any CPU.Build.0 = Release|Any CPU
	EndGlobalSection
	GlobalSection(SolutionProperties) = preSolution
		HideSolutionNode = FALSE
	EndGlobalSection
	GlobalSection(ExtensibilityGlobals) = postSolution
		SolutionGuid = {5AD4DC89-1562-43BC-9066-04B9F832DCB7}
	EndGlobalSection
EndGlobal
